
Microsoft Visual Studio Solution File, Format Version 12.00
# Visual Studio Version 16
VisualStudioVersion = 16.0.31424.327
MinimumVisualStudioVersion = 10.0.40219.1
Project("{9A19103F-16F7-4668-BE54-9A1E7A4F7556}") = "Flight_Planner", "Flight_Planner.csproj", "{F783C051-25E7-479C-84BB-7E372270A67C}"
EndProject
Project("{FAE04EC0-301F-11D3-BF4B-00C04F79EFBC}") = "FlightPlanner.Core", "..\FlightPlanner.Core\FlightPlanner.Core.csproj", "{B177F217-2AF0-4FCC-9191-22BDB432D714}"
EndProject
Project("{FAE04EC0-301F-11D3-BF4B-00C04F79EFBC}") = "FlightPlanner.Data", "..\FlightPlanner.Data\FlightPlanner.Data.csproj", "{32DA1F02-4B9E-4799-9A75-82EAF016099F}"
EndProject
Project("{FAE04EC0-301F-11D3-BF4B-00C04F79EFBC}") = "FlightPlanner.Services", "..\FlightPlanner.Services\FlightPlanner.Services.csproj", "{67D0260D-3418-4D52-9A67-736E06ECB22E}"
EndProject
Global
	GlobalSection(SolutionConfigurationPlatforms) = preSolution
		Debug|Any CPU = Debug|Any CPU
		Release|Any CPU = Release|Any CPU
	EndGlobalSection
	GlobalSection(ProjectConfigurationPlatforms) = postSolution
		{F783C051-25E7-479C-84BB-7E372270A67C}.Debug|Any CPU.ActiveCfg = Debug|Any CPU
		{F783C051-25E7-479C-84BB-7E372270A67C}.Debug|Any CPU.Build.0 = Debug|Any CPU
		{F783C051-25E7-479C-84BB-7E372270A67C}.Release|Any CPU.ActiveCfg = Release|Any CPU
		{F783C051-25E7-479C-84BB-7E372270A67C}.Release|Any CPU.Build.0 = Release|Any CPU
		{B177F217-2AF0-4FCC-9191-22BDB432D714}.Debug|Any CPU.ActiveCfg = Debug|Any CPU
		{B177F217-2AF0-4FCC-9191-22BDB432D714}.Debug|Any CPU.Build.0 = Debug|Any CPU
		{B177F217-2AF0-4FCC-9191-22BDB432D714}.Release|Any CPU.ActiveCfg = Release|Any CPU
		{B177F217-2AF0-4FCC-9191-22BDB432D714}.Release|Any CPU.Build.0 = Release|Any CPU
		{32DA1F02-4B9E-4799-9A75-82EAF016099F}.Debug|Any CPU.ActiveCfg = Debug|Any CPU
		{32DA1F02-4B9E-4799-9A75-82EAF016099F}.Debug|Any CPU.Build.0 = Debug|Any CPU
		{32DA1F02-4B9E-4799-9A75-82EAF016099F}.Release|Any CPU.ActiveCfg = Release|Any CPU
		{32DA1F02-4B9E-4799-9A75-82EAF016099F}.Release|Any CPU.Build.0 = Release|Any CPU
		{67D0260D-3418-4D52-9A67-736E06ECB22E}.Debug|Any CPU.ActiveCfg = Debug|Any CPU
		{67D0260D-3418-4D52-9A67-736E06ECB22E}.Debug|Any CPU.Build.0 = Debug|Any CPU
		{67D0260D-3418-4D52-9A67-736E06ECB22E}.Release|Any CPU.ActiveCfg = Release|Any CPU
		{67D0260D-3418-4D52-9A67-736E06ECB22E}.Release|Any CPU.Build.0 = Release|Any CPU
	EndGlobalSection
	GlobalSection(SolutionProperties) = preSolution
		HideSolutionNode = FALSE
	EndGlobalSection
	GlobalSection(ExtensibilityGlobals) = postSolution
		SolutionGuid = {C653F769-AE6E-420D-BAD8-EB905A16C45D}
	EndGlobalSection
EndGlobal
